PODS:
  - Cartography (3.0.2)
  - Charts (3.1.1):
    - Charts/Core (= 3.1.1)
  - Charts/Core (3.1.1)

DEPENDENCIES:
  - Cartography
  - Charts

SPEC REPOS:
  https://github.com/cocoapods/specs.git:
    - Cartography
    - Charts

SPEC CHECKSUMS:
  Cartography: 231190d7d0b3107ce8d67c54189f059a509b3760
  Charts: 90a4d61da0f6e06684c591e3bcab11940fe61736

PODFILE CHECKSUM: d25da3bc99b697235f47f3f203d4fc4e67761acb

COCOAPODS: 1.5.3
