PODS:
  - Cartography (3.0.1)
  - Charts (3.1.1):
    - Charts/Core (= 3.1.1)
  - Charts/Core (3.1.1)

DEPENDENCIES:
  - Cartography
  - Charts

SPEC REPOS:
  https://github.com/cocoapods/specs.git:
    - Cartography
    - Charts

SPEC CHECKSUMS:
  Cartography: f8c899bb0f5cf20758644a8eea59a75e98a03a5d
  Charts: 90a4d61da0f6e06684c591e3bcab11940fe61736

PODFILE CHECKSUM: d25da3bc99b697235f47f3f203d4fc4e67761acb

COCOAPODS: 1.5.3
